dependencies:
  capilot_bsp:
    dependencies:
    - name: idf
      version: ^5.0
    source:
      path: B:\CaPilot\firmware\esp32_s3\components\capilot_bsp
      type: local
    version: '*'
  idf:
    source:
      type: idf
    version: 5.5.4
direct_dependencies:
- capilot_bsp
- idf
manifest_hash: 6ca9e116468755f0cc71939e38675b7649c63b760bd778ea564b05c4c8a56476
target: esp32s3
version: 2.0.0
